{
  "nodes": {
    "impermanence": {
      "locked": {
        "lastModified": 1737831083,
        "narHash": "sha256-LJggUHbpyeDvNagTUrdhe/pRVp4pnS6wVKALS782gRI=",
        "owner": "nix-community",
        "repo": "impermanence",
        "rev": "4b3e914cdf97a5b536a889e939fb2fd2b043a170",
        "type": "github"
      },
      "original": {
        "owner": "nix-community",
        "repo": "impermanence",
        "type": "github"
      }
    },
    "nixpkgs": {
      "locked": {
        "lastModified": 1745391562,
        "narHash": "sha256-sPwcCYuiEopaafePqlG826tBhctuJsLx/mhKKM5Fmjo=",
        "owner": "nixos",
        "repo": "nixpkgs",
        "rev": "8a2f738d9d1f1d986b5a4cd2fd2061a7127237d7",
        "type": "github"
      },
      "original": {
        "owner": "nixos",
        "ref": "nixos-unstable",
        "repo": "nixpkgs",
        "type": "github"
      }
    },
    "root": {
      "inputs": {
        "impermanence": "impermanence",
        "nixpkgs": "nixpkgs",
        "secrets": "secrets"
      }
    },
    "secrets": {
      "flake": false,
      "locked": {
        "lastModified": 1745128658,
        "narHash": "sha256-7wG5qVJgB4ImnddSl/fM62rIeM8QZh/+Cn6YMycGrL8=",
        "ref": "refs/heads/main",
        "rev": "f14b929f44f98ce0edcc71079b6fa74787863aa0",
        "revCount": 44,
        "type": "git",
        "url": "ssh://git@github.com/zenqy/nixos-secrets"
      },
      "original": {
        "type": "git",
        "url": "ssh://git@github.com/zenqy/nixos-secrets"
      }
    }
  },
  "root": "root",
  "version": 7
}
