{
  "nodes": {
    "nixpkgs": {
      "locked": {
<<<<<<< HEAD
        "lastModified": 1782723713,
        "narHash": "sha256-oPXCU/SSUokcGaJREHibG1CBX3+s/W7orDWQOZDsEeQ=",
        "owner": "nixos",
        "repo": "nixpkgs",
        "rev": "b5aa0fbd538984f6e3d201be0005b4463d8b09f8",
=======
        "lastModified": 1783522502,
        "narHash": "sha256-iffAls3iaNTyJC2faYcUXSI+Gp02cDjYl+MygxKl2GI=",
        "owner": "nixos",
        "repo": "nixpkgs",
        "rev": "0bb7ec54c8483066ec9d7720e780a5caa71f8612",
>>>>>>> 4bdf3b5 (更换dns)
        "type": "github"
      },
      "original": {
        "owner": "nixos",
        "ref": "nixos-unstable",
        "repo": "nixpkgs",
        "type": "github"
      }
    },
    "root": {
      "inputs": {
        "nixpkgs": "nixpkgs",
        "secrets": "secrets"
      }
    },
    "secrets": {
      "flake": false,
      "locked": {
        "lastModified": 1783762260,
        "narHash": "sha256-cZjbXrGvT0N+hWSTQPU1Z6PqEPSwMA4vwt3roWpPZtw=",
        "ref": "refs/heads/main",
        "rev": "c61b459be0278c0a210f2d82a54e037dd7fbfda7",
        "revCount": 104,
        "type": "git",
        "url": "ssh://git@github.com/zenqy/nixos-secrets"
      },
      "original": {
        "type": "git",
        "url": "ssh://git@github.com/zenqy/nixos-secrets"
      }
    }
  },
  "root": "root",
  "version": 7
}
