{
  "nodes": {
    "impermanence": {
      "locked": {
        "lastModified": 1734945620,
        "narHash": "sha256-olIfsfJK4/GFmPH8mXMmBDAkzVQ1TWJmeGT3wBGfQPY=",
        "owner": "nix-community",
        "repo": "impermanence",
        "rev": "d000479f4f41390ff7cf9204979660ad5dd16176",
        "type": "github"
      },
      "original": {
        "owner": "nix-community",
        "repo": "impermanence",
        "type": "github"
      }
    },
    "nixpkgs": {
      "locked": {
        "lastModified": 1735834308,
        "narHash": "sha256-dklw3AXr3OGO4/XT1Tu3Xz9n/we8GctZZ75ZWVqAVhk=",
        "owner": "nixos",
        "repo": "nixpkgs",
        "rev": "6df24922a1400241dae323af55f30e4318a6ca65",
        "type": "github"
      },
      "original": {
        "owner": "nixos",
        "ref": "nixos-unstable",
        "repo": "nixpkgs",
        "type": "github"
      }
    },
    "root": {
      "inputs": {
        "impermanence": "impermanence",
        "nixpkgs": "nixpkgs",
        "secrets": "secrets"
      }
    },
    "secrets": {
      "flake": false,
      "locked": {
        "lastModified": 1735914711,
        "narHash": "sha256-gYuRAXx311p0xuKRKFA6UQFFlpKEov30bLh2ni8NJLc=",
        "ref": "refs/heads/main",
        "rev": "9a14749b8e973315c6d30ab32284846cc3a9819e",
        "revCount": 35,
        "type": "git",
        "url": "ssh://git@github.com/zenqy/nixos-secrets"
      },
      "original": {
        "type": "git",
        "url": "ssh://git@github.com/zenqy/nixos-secrets"
      }
    }
  },
  "root": "root",
  "version": 7
}
